
Microsoft Visual Studio Solution File, Format Version 12.00
# Visual Studio 15
VisualStudioVersion = 15.0.28010.2046
MinimumVisualStudioVersion = 10.0.40219.1
Project("{FAE04EC0-301F-11D3-BF4B-00C04F79EFBC}") = "GrainGrowth_byAnn", "GrainGrowth_byAnn\GrainGrowth_byAnn.csproj", "{68124B8F-8913-4534-BFDF-E27897CE3F51}"
EndProject
Global
	GlobalSection(SolutionConfigurationPlatforms) = preSolution
		Debug|Any CPU = Debug|Any CPU
		Release|Any CPU = Release|Any CPU
	EndGlobalSection
	GlobalSection(ProjectConfigurationPlatforms) = postSolution
		{68124B8F-8913-4534-BFDF-E27897CE3F51}.Debug|Any CPU.ActiveCfg = Debug|Any CPU
		{68124B8F-8913-4534-BFDF-E27897CE3F51}.Debug|Any CPU.Build.0 = Debug|Any CPU
		{68124B8F-8913-4534-BFDF-E27897CE3F51}.Release|Any CPU.ActiveCfg = Release|Any CPU
		{68124B8F-8913-4534-BFDF-E27897CE3F51}.Release|Any CPU.Build.0 = Release|Any CPU
	EndGlobalSection
	GlobalSection(SolutionProperties) = preSolution
		HideSolutionNode = FALSE
	EndGlobalSection
	GlobalSection(ExtensibilityGlobals) = postSolution
		SolutionGuid = {B10D82BA-CDE1-4AE8-9168-BB27150C2D2A}
	EndGlobalSection
EndGlobal
